// !$*UTF8*$!
{
	archiveVersion = 1;
	classes = {
	};
	objectVersion = 46;
	objects = {

/* Begin PBXBuildFile section */
		2582CAB41BEC567F00DE6BF1 /* main.m in Sources */ = {isa = PBXBuildFile; fileRef = 2582CAB31BEC567F00DE6BF1 /* main.m */; };
		2582CAB71BEC567F00DE6BF1 /* AppDelegate.m in Sources */ = {isa = PBXBuildFile; fileRef = 2582CAB61BEC567F00DE6BF1 /* AppDelegate.m */; };
		2582CABA1BEC567F00DE6BF1 /* ViewController.m in Sources */ = {isa = PBXBuildFile; fileRef = 2582CAB91BEC567F00DE6BF1 /* ViewController.m */; };
		2582CABD1BEC567F00DE6BF1 /* Main.storyboard in Resources */ = {isa = PBXBuildFile; fileRef = 2582CABB1BEC567F00DE6BF1 /* Main.storyboard */; };
		2582CABF1BEC567F00DE6BF1 /* Assets.xcassets in Resources */ = {isa = PBXBuildFile; fileRef = 2582CABE1BEC567F00DE6BF1 /* Assets.xcassets */; };
		2582CAC21BEC567F00DE6BF1 /* LaunchScreen.storyboard in Resources */ = {isa = PBXBuildFile; fileRef = 2582CAC01BEC567F00DE6BF1 /* LaunchScreen.storyboard */; };
		2582CB321BEC59FD00DE6BF1 /* AlipaySDK.bundle in Resources */ = {isa = PBXBuildFile; fileRef = 2582CACB1BEC59FD00DE6BF1 /* AlipaySDK.bundle */; };
		2582CB331BEC59FD00DE6BF1 /* AlipaySDK.framework in Frameworks */ = {isa = PBXBuildFile; fileRef = 2582CACC1BEC59FD00DE6BF1 /* AlipaySDK.framework */; };
		2582CB341BEC59FD00DE6BF1 /* libcrypto.a in Frameworks */ = {isa = PBXBuildFile; fileRef = 2582CACD1BEC59FD00DE6BF1 /* libcrypto.a */; };
		2582CB351BEC59FD00DE6BF1 /* libssl.a in Frameworks */ = {isa = PBXBuildFile; fileRef = 2582CACE1BEC59FD00DE6BF1 /* libssl.a */; };
		2582CB361BEC59FD00DE6BF1 /* base64.m in Sources */ = {isa = PBXBuildFile; fileRef = 2582CB1D1BEC59FD00DE6BF1 /* base64.m */; };
		2582CB371BEC59FD00DE6BF1 /* DataSigner.mm in Sources */ = {isa = PBXBuildFile; fileRef = 2582CB201BEC59FD00DE6BF1 /* DataSigner.mm */; };
		2582CB381BEC59FD00DE6BF1 /* DataVerifier.m in Sources */ = {isa = PBXBuildFile; fileRef = 2582CB221BEC59FD00DE6BF1 /* DataVerifier.m */; };
		2582CB391BEC59FD00DE6BF1 /* MD5DataSigner.m in Sources */ = {isa = PBXBuildFile; fileRef = 2582CB241BEC59FD00DE6BF1 /* MD5DataSigner.m */; };
		2582CB3A1BEC59FD00DE6BF1 /* NSDataEx.m in Sources */ = {isa = PBXBuildFile; fileRef = 2582CB261BEC59FD00DE6BF1 /* NSDataEx.m */; };
		2582CB3B1BEC59FD00DE6BF1 /* openssl_wrapper.m in Sources */ = {isa = PBXBuildFile; fileRef = 2582CB281BEC59FD00DE6BF1 /* openssl_wrapper.m */; };
		2582CB3C1BEC59FD00DE6BF1 /* RSADataSigner.m in Sources */ = {isa = PBXBuildFile; fileRef = 2582CB2A1BEC59FD00DE6BF1 /* RSADataSigner.m */; };
		2582CB3D1BEC59FD00DE6BF1 /* RSADataVerifier.m in Sources */ = {isa = PBXBuildFile; fileRef = 2582CB2C1BEC59FD00DE6BF1 /* RSADataVerifier.m */; };
		2582CB3E1BEC59FD00DE6BF1 /* libWeChatSDK.a in Frameworks */ = {isa = PBXBuildFile; fileRef = 2582CB2E1BEC59FD00DE6BF1 /* libWeChatSDK.a */; };
		2582CB3F1BEC59FD00DE6BF1 /* read_me.txt in Resources */ = {isa = PBXBuildFile; fileRef = 2582CB2F1BEC59FD00DE6BF1 /* read_me.txt */; };
		2582CB8E1BEC6D0A00DE6BF1 /* SystemConfiguration.framework in Frameworks */ = {isa = PBXBuildFile; fileRef = 2582CB8D1BEC6D0A00DE6BF1 /* SystemConfiguration.framework */; };
		2582CB901BEC6D1000DE6BF1 /* CoreTelephony.framework in Frameworks */ = {isa = PBXBuildFile; fileRef = 2582CB8F1BEC6D1000DE6BF1 /* CoreTelephony.framework */; };
		2582CB921BEC6D1800DE6BF1 /* QuartzCore.framework in Frameworks */ = {isa = PBXBuildFile; fileRef = 2582CB911BEC6D1800DE6BF1 /* QuartzCore.framework */; };
		2582CB941BEC6D2C00DE6BF1 /* CoreText.framework in Frameworks */ = {isa = PBXBuildFile; fileRef = 2582CB931BEC6D2C00DE6BF1 /* CoreText.framework */; };
		2582CB961BEC6D3300DE6BF1 /* CoreGraphics.framework in Frameworks */ = {isa = PBXBuildFile; fileRef = 2582CB951BEC6D3300DE6BF1 /* CoreGraphics.framework */; };
		2582CB981BEC6D3A00DE6BF1 /* Foundation.framework in Frameworks */ = {isa = PBXBuildFile; fileRef = 2582CB971BEC6D3A00DE6BF1 /* Foundation.framework */; };
		2582CB9A1BEC6D4700DE6BF1 /* libz.tbd in Frameworks */ = {isa = PBXBuildFile; fileRef = 2582CB991BEC6D4700DE6BF1 /* libz.tbd */; };
		2594D9AA1BF0350100A87D4A /* WDPayKit.mm in Sources */ = {isa = PBXBuildFile; fileRef = 2594D9A91BF0350100A87D4A /* WDPayKit.mm */; };
		2594D9AD1BF035E600A87D4A /* ALPayOrder.m in Sources */ = {isa = PBXBuildFile; fileRef = 2594D9AC1BF035E600A87D4A /* ALPayOrder.m */; };
		2594D9B61BF03CF200A87D4A /* libUPPayPlugin.a in Frameworks */ = {isa = PBXBuildFile; fileRef = 2594D9B41BF03CF200A87D4A /* libUPPayPlugin.a */; };
		2594D9B91BF03F8A00A87D4A /* Security.framework in Frameworks */ = {isa = PBXBuildFile; fileRef = 2594D9B81BF03F8A00A87D4A /* Security.framework */; };
		2594D9BB1BF03F9D00A87D4A /* AudioToolbox.framework in Frameworks */ = {isa = PBXBuildFile; fileRef = 2594D9BA1BF03F9D00A87D4A /* AudioToolbox.framework */; };
		2594D9BD1BF03FA300A87D4A /* AVFoundation.framework in Frameworks */ = {isa = PBXBuildFile; fileRef = 2594D9BC1BF03FA300A87D4A /* AVFoundation.framework */; };
		2594D9BF1BF03FAA00A87D4A /* MediaPlayer.framework in Frameworks */ = {isa = PBXBuildFile; fileRef = 2594D9BE1BF03FAA00A87D4A /* MediaPlayer.framework */; };
		2594D9C11BF03FB200A87D4A /* CoreAudio.framework in Frameworks */ = {isa = PBXBuildFile; fileRef = 2594D9C01BF03FB200A87D4A /* CoreAudio.framework */; };
		2594D9C31BF03FBA00A87D4A /* AdSupport.framework in Frameworks */ = {isa = PBXBuildFile; fileRef = 2594D9C21BF03FBA00A87D4A /* AdSupport.framework */; };
		2594D9C51BF0411F00A87D4A /* libsqlite3.tbd in Frameworks */ = {isa = PBXBuildFile; fileRef = 2594D9C41BF0411F00A87D4A /* libsqlite3.tbd */; };
/* End PBXBuildFile section */

/* Begin PBXFileReference section */
		2582CAAF1BEC567F00DE6BF1 /* WDPayTools.app */ = {isa = PBXFileReference; explicitFileType = wrapper.application; includeInIndex = 0; path = WDPayTools.app; sourceTree = BUILT_PRODUCTS_DIR; };
		2582CAB31BEC567F00DE6BF1 /* main.m */ = {isa = PBXFileReference; lastKnownFileType = sourcecode.c.objc; path = main.m; sourceTree = "<group>"; };
		2582CAB51BEC567F00DE6BF1 /* AppDelegate.h */ = {isa = PBXFileReference; lastKnownFileType = sourcecode.c.h; path = AppDelegate.h; sourceTree = "<group>"; };
		2582CAB61BEC567F00DE6BF1 /* AppDelegate.m */ = {isa = PBXFileReference; lastKnownFileType = sourcecode.c.objc; path = AppDelegate.m; sourceTree = "<group>"; };
		2582CAB81BEC567F00DE6BF1 /* ViewController.h */ = {isa = PBXFileReference; lastKnownFileType = sourcecode.c.h; path = ViewController.h; sourceTree = "<group>"; };
		2582CAB91BEC567F00DE6BF1 /* ViewController.m */ = {isa = PBXFileReference; lastKnownFileType = sourcecode.c.objc; path = ViewController.m; sourceTree = "<group>"; };
		2582CABC1BEC567F00DE6BF1 /* Base */ = {isa = PBXFileReference; lastKnownFileType = file.storyboard; name = Base; path = Base.lproj/Main.storyboard; sourceTree = "<group>"; };
		2582CABE1BEC567F00DE6BF1 /* Assets.xcassets */ = {isa = PBXFileReference; lastKnownFileType = folder.assetcatalog; path = Assets.xcassets; sourceTree = "<group>"; };
		2582CAC11BEC567F00DE6BF1 /* Base */ = {isa = PBXFileReference; lastKnownFileType = file.storyboard; name = Base; path = Base.lproj/LaunchScreen.storyboard; sourceTree = "<group>"; };
		2582CAC31BEC567F00DE6BF1 /* Info.plist */ = {isa = PBXFileReference; lastKnownFileType = text.plist.xml; path = Info.plist; sourceTree = "<group>"; };
		2582CACB1BEC59FD00DE6BF1 /* AlipaySDK.bundle */ = {isa = PBXFileReference; lastKnownFileType = "wrapper.plug-in"; path = AlipaySDK.bundle; sourceTree = "<group>"; };
		2582CACC1BEC59FD00DE6BF1 /* AlipaySDK.framework */ = {isa = PBXFileReference; lastKnownFileType = wrapper.framework; path = AlipaySDK.framework; sourceTree = "<group>"; };
		2582CACD1BEC59FD00DE6BF1 /* libcrypto.a */ = {isa = PBXFileReference; lastKnownFileType = archive.ar; path = libcrypto.a; sourceTree = "<group>"; };
		2582CACE1BEC59FD00DE6BF1 /* libssl.a */ = {isa = PBXFileReference; lastKnownFileType = archive.ar; path = libssl.a; sourceTree = "<group>"; };
		2582CB1C1BEC59FD00DE6BF1 /* base64.h */ = {isa = PBXFileReference; fileEncoding = 4; lastKnownFileType = sourcecode.c.h; path = base64.h; sourceTree = "<group>"; };
		2582CB1D1BEC59FD00DE6BF1 /* base64.m */ = {isa = PBXFileReference; fileEncoding = 4; lastKnownFileType = sourcecode.c.objc; path = base64.m; sourceTree = "<group>"; };
		2582CB1E1BEC59FD00DE6BF1 /* config.h */ = {isa = PBXFileReference; fileEncoding = 4; lastKnownFileType = sourcecode.c.h; path = config.h; sourceTree = "<group>"; };
		2582CB1F1BEC59FD00DE6BF1 /* DataSigner.h */ = {isa = PBXFileReference; fileEncoding = 4; lastKnownFileType = sourcecode.c.h; path = DataSigner.h; sourceTree = "<group>"; };
		2582CB201BEC59FD00DE6BF1 /* DataSigner.mm */ = {isa = PBXFileReference; fileEncoding = 4; lastKnownFileType = sourcecode.cpp.objcpp; path = DataSigner.mm; sourceTree = "<group>"; };
		2582CB211BEC59FD00DE6BF1 /* DataVerifier.h */ = {isa = PBXFileReference; fileEncoding = 4; lastKnownFileType = sourcecode.c.h; path = DataVerifier.h; sourceTree = "<group>"; };
		2582CB221BEC59FD00DE6BF1 /* DataVerifier.m */ = {isa = PBXFileReference; fileEncoding = 4; lastKnownFileType = sourcecode.c.objc; path = DataVerifier.m; sourceTree = "<group>"; };
		2582CB231BEC59FD00DE6BF1 /* MD5DataSigner.h */ = {isa = PBXFileReference; fileEncoding = 4; lastKnownFileType = sourcecode.c.h; path = MD5DataSigner.h; sourceTree = "<group>"; };
		2582CB241BEC59FD00DE6BF1 /* MD5DataSigner.m */ = {isa = PBXFileReference; fileEncoding = 4; lastKnownFileType = sourcecode.c.objc; path = MD5DataSigner.m; sourceTree = "<group>"; };
		2582CB251BEC59FD00DE6BF1 /* NSDataEx.h */ = {isa = PBXFileReference; fileEncoding = 4; lastKnownFileType = sourcecode.c.h; path = NSDataEx.h; sourceTree = "<group>"; };
		2582CB261BEC59FD00DE6BF1 /* NSDataEx.m */ = {isa = PBXFileReference; fileEncoding = 4; lastKnownFileType = sourcecode.c.objc; path = NSDataEx.m; sourceTree = "<group>"; };
		2582CB271BEC59FD00DE6BF1 /* openssl_wrapper.h */ = {isa = PBXFileReference; fileEncoding = 4; lastKnownFileType = sourcecode.c.h; path = openssl_wrapper.h; sourceTree = "<group>"; };
		2582CB281BEC59FD00DE6BF1 /* openssl_wrapper.m */ = {isa = PBXFileReference; fileEncoding = 4; lastKnownFileType = sourcecode.c.objc; path = openssl_wrapper.m; sourceTree = "<group>"; };
		2582CB291BEC59FD00DE6BF1 /* RSADataSigner.h */ = {isa = PBXFileReference; fileEncoding = 4; lastKnownFileType = sourcecode.c.h; path = RSADataSigner.h; sourceTree = "<group>"; };
		2582CB2A1BEC59FD00DE6BF1 /* RSADataSigner.m */ = {isa = PBXFileReference; fileEncoding = 4; lastKnownFileType = sourcecode.c.objc; path = RSADataSigner.m; sourceTree = "<group>"; };
		2582CB2B1BEC59FD00DE6BF1 /* RSADataVerifier.h */ = {isa = PBXFileReference; fileEncoding = 4; lastKnownFileType = sourcecode.c.h; path = RSADataVerifier.h; sourceTree = "<group>"; };
		2582CB2C1BEC59FD00DE6BF1 /* RSADataVerifier.m */ = {isa = PBXFileReference; fileEncoding = 4; lastKnownFileType = sourcecode.c.objc; path = RSADataVerifier.m; sourceTree = "<group>"; };
		2582CB2E1BEC59FD00DE6BF1 /* libWeChatSDK.a */ = {isa = PBXFileReference; lastKnownFileType = archive.ar; path = libWeChatSDK.a; sourceTree = "<group>"; };
		2582CB2F1BEC59FD00DE6BF1 /* read_me.txt */ = {isa = PBXFileReference; fileEncoding = 4; lastKnownFileType = text; path = read_me.txt; sourceTree = "<group>"; };
		2582CB301BEC59FD00DE6BF1 /* WXApi.h */ = {isa = PBXFileReference; fileEncoding = 4; lastKnownFileType = sourcecode.c.h; path = WXApi.h; sourceTree = "<group>"; };
		2582CB311BEC59FD00DE6BF1 /* WXApiObject.h */ = {isa = PBXFileReference; fileEncoding = 4; lastKnownFileType = sourcecode.c.h; path = WXApiObject.h; sourceTree = "<group>"; };
		2582CB401BEC5A5200DE6BF1 /* PrefixHeader.pch */ = {isa = PBXFileReference; fileEncoding = 4; lastKnownFileType = sourcecode.c.h; path = PrefixHeader.pch; sourceTree = "<group>"; };
		2582CB421BEC6B9A00DE6BF1 /* aes.h */ = {isa = PBXFileReference; fileEncoding = 4; lastKnownFileType = sourcecode.c.h; path = aes.h; sourceTree = "<group>"; };
		2582CB431BEC6B9A00DE6BF1 /* asn1.h */ = {isa = PBXFileReference; fileEncoding = 4; lastKnownFileType = sourcecode.c.h; path = asn1.h; sourceTree = "<group>"; };
		2582CB441BEC6B9A00DE6BF1 /* asn1_mac.h */ = {isa = PBXFileReference; fileEncoding = 4; lastKnownFileType = sourcecode.c.h; path = asn1_mac.h; sourceTree = "<group>"; };
		2582CB451BEC6B9A00DE6BF1 /* asn1t.h */ = {isa = PBXFileReference; fileEncoding = 4; lastKnownFileType = sourcecode.c.h; path = asn1t.h; sourceTree = "<group>"; };
		2582CB461BEC6B9A00DE6BF1 /* bio.h */ = {isa = PBXFileReference; fileEncoding = 4; lastKnownFileType = sourcecode.c.h; path = bio.h; sourceTree = "<group>"; };
		2582CB471BEC6B9A00DE6BF1 /* blowfish.h */ = {isa = PBXFileReference; fileEncoding = 4; lastKnownFileType = sourcecode.c.h; path = blowfish.h; sourceTree = "<group>"; };
		2582CB481BEC6B9A00DE6BF1 /* bn.h */ = {isa = PBXFileReference; fileEncoding = 4; lastKnownFileType = sourcecode.c.h; path = bn.h; sourceTree = "<group>"; };
		2582CB491BEC6B9A00DE6BF1 /* buffer.h */ = {isa = PBXFileReference; fileEncoding = 4; lastKnownFileType = sourcecode.c.h; path = buffer.h; sourceTree = "<group>"; };
		2582CB4A1BEC6B9A00DE6BF1 /* camellia.h */ = {isa = PBXFileReference; fileEncoding = 4; lastKnownFileType = sourcecode.c.h; path = camellia.h; sourceTree = "<group>"; };
		2582CB4B1BEC6B9A00DE6BF1 /* cast.h */ = {isa = PBXFileReference; fileEncoding = 4; lastKnownFileType = sourcecode.c.h; path = cast.h; sourceTree = "<group>"; };
		2582CB4C1BEC6B9A00DE6BF1 /* cmac.h */ = {isa = PBXFileReference; fileEncoding = 4; lastKnownFileType = sourcecode.c.h; path = cmac.h; sourceTree = "<group>"; };
		2582CB4D1BEC6B9A00DE6BF1 /* cms.h */ = {isa = PBXFileReference; fileEncoding = 4; lastKnownFileType = sourcecode.c.h; path = cms.h; sourceTree = "<group>"; };
		2582CB4E1BEC6B9A00DE6BF1 /* comp.h */ = {isa = PBXFileReference; fileEncoding = 4; lastKnownFileType = sourcecode.c.h; path = comp.h; sourceTree = "<group>"; };
		2582CB4F1BEC6B9A00DE6BF1 /* conf.h */ = {isa = PBXFileReference; fileEncoding = 4; lastKnownFileType = sourcecode.c.h; path = conf.h; sourceTree = "<group>"; };
		2582CB501BEC6B9A00DE6BF1 /* conf_api.h */ = {isa = PBXFileReference; fileEncoding = 4; lastKnownFileType = sourcecode.c.h; path = conf_api.h; sourceTree = "<group>"; };
		2582CB511BEC6B9A00DE6BF1 /* crypto.h */ = {isa = PBXFileReference; fileEncoding = 4; lastKnownFileType = sourcecode.c.h; path = crypto.h; sourceTree = "<group>"; };
		2582CB521BEC6B9A00DE6BF1 /* des.h */ = {isa = PBXFileReference; fileEncoding = 4; lastKnownFileType = sourcecode.c.h; path = des.h; sourceTree = "<group>"; };
		2582CB531BEC6B9A00DE6BF1 /* des_old.h */ = {isa = PBXFileReference; fileEncoding = 4; lastKnownFileType = sourcecode.c.h; path = des_old.h; sourceTree = "<group>"; };
		2582CB541BEC6B9A00DE6BF1 /* dh.h */ = {isa = PBXFileReference; fileEncoding = 4; lastKnownFileType = sourcecode.c.h; path = dh.h; sourceTree = "<group>"; };
		2582CB551BEC6B9A00DE6BF1 /* dsa.h */ = {isa = PBXFileReference; fileEncoding = 4; lastKnownFileType = sourcecode.c.h; path = dsa.h; sourceTree = "<group>"; };
		2582CB561BEC6B9A00DE6BF1 /* dso.h */ = {isa = PBXFileReference; fileEncoding = 4; lastKnownFileType = sourcecode.c.h; path = dso.h; sourceTree = "<group>"; };
		2582CB571BEC6B9A00DE6BF1 /* dtls1.h */ = {isa = PBXFileReference; fileEncoding = 4; lastKnownFileType = sourcecode.c.h; path = dtls1.h; sourceTree = "<group>"; };
		2582CB581BEC6B9A00DE6BF1 /* e_os2.h */ = {isa = PBXFileReference; fileEncoding = 4; lastKnownFileType = sourcecode.c.h; path = e_os2.h; sourceTree = "<group>"; };
		2582CB591BEC6B9A00DE6BF1 /* ebcdic.h */ = {isa = PBXFileReference; fileEncoding = 4; lastKnownFileType = sourcecode.c.h; path = ebcdic.h; sourceTree = "<group>"; };
		2582CB5A1BEC6B9A00DE6BF1 /* ec.h */ = {isa = PBXFileReference; fileEncoding = 4; lastKnownFileType = sourcecode.c.h; path = ec.h; sourceTree = "<group>"; };
		2582CB5B1BEC6B9A00DE6BF1 /* ecdh.h */ = {isa = PBXFileReference; fileEncoding = 4; lastKnownFileType = sourcecode.c.h; path = ecdh.h; sourceTree = "<group>"; };
		2582CB5C1BEC6B9A00DE6BF1 /* ecdsa.h */ = {isa = PBXFileReference; fileEncoding = 4; lastKnownFileType = sourcecode.c.h; path = ecdsa.h; sourceTree = "<group>"; };
		2582CB5D1BEC6B9A00DE6BF1 /* engine.h */ = {isa = PBXFileReference; fileEncoding = 4; lastKnownFileType = sourcecode.c.h; path = engine.h; sourceTree = "<group>"; };
		2582CB5E1BEC6B9A00DE6BF1 /* err.h */ = {isa = PBXFileReference; fileEncoding = 4; lastKnownFileType = sourcecode.c.h; path = err.h; sourceTree = "<group>"; };
		2582CB5F1BEC6B9A00DE6BF1 /* evp.h */ = {isa = PBXFileReference; fileEncoding = 4; lastKnownFileType = sourcecode.c.h; path = evp.h; sourceTree = "<group>"; };
		2582CB601BEC6B9A00DE6BF1 /* hmac.h */ = {isa = PBXFileReference; fileEncoding = 4; lastKnownFileType = sourcecode.c.h; path = hmac.h; sourceTree = "<group>"; };
		2582CB611BEC6B9A00DE6BF1 /* idea.h */ = {isa = PBXFileReference; fileEncoding = 4; lastKnownFileType = sourcecode.c.h; path = idea.h; sourceTree = "<group>"; };
		2582CB621BEC6B9A00DE6BF1 /* krb5_asn.h */ = {isa = PBXFileReference; fileEncoding = 4; lastKnownFileType = sourcecode.c.h; path = krb5_asn.h; sourceTree = "<group>"; };
		2582CB631BEC6B9A00DE6BF1 /* kssl.h */ = {isa = PBXFileReference; fileEncoding = 4; lastKnownFileType = sourcecode.c.h; path = kssl.h; sourceTree = "<group>"; };
		2582CB641BEC6B9A00DE6BF1 /* lhash.h */ = {isa = PBXFileReference; fileEncoding = 4; lastKnownFileType = sourcecode.c.h; path = lhash.h; sourceTree = "<group>"; };
		2582CB651BEC6B9A00DE6BF1 /* md4.h */ = {isa = PBXFileReference; fileEncoding = 4; lastKnownFileType = sourcecode.c.h; path = md4.h; sourceTree = "<group>"; };
		2582CB661BEC6B9A00DE6BF1 /* md5.h */ = {isa = PBXFileReference; fileEncoding = 4; lastKnownFileType = sourcecode.c.h; path = md5.h; sourceTree = "<group>"; };
		2582CB671BEC6B9A00DE6BF1 /* mdc2.h */ = {isa = PBXFileReference; fileEncoding = 4; lastKnownFileType = sourcecode.c.h; path = mdc2.h; sourceTree = "<group>"; };
		2582CB681BEC6B9A00DE6BF1 /* modes.h */ = {isa = PBXFileReference; fileEncoding = 4; lastKnownFileType = sourcecode.c.h; path = modes.h; sourceTree = "<group>"; };
		2582CB691BEC6B9A00DE6BF1 /* obj_mac.h */ = {isa = PBXFileReference; fileEncoding = 4; lastKnownFileType = sourcecode.c.h; path = obj_mac.h; sourceTree = "<group>"; };
		2582CB6A1BEC6B9A00DE6BF1 /* objects.h */ = {isa = PBXFileReference; fileEncoding = 4; lastKnownFileType = sourcecode.c.h; path = objects.h; sourceTree = "<group>"; };
		2582CB6B1BEC6B9A00DE6BF1 /* ocsp.h */ = {isa = PBXFileReference; fileEncoding = 4; lastKnownFileType = sourcecode.c.h; path = ocsp.h; sourceTree = "<group>"; };
		2582CB6C1BEC6B9A00DE6BF1 /* opensslconf.h */ = {isa = PBXFileReference; fileEncoding = 4; lastKnownFileType = sourcecode.c.h; path = opensslconf.h; sourceTree = "<group>"; };
		2582CB6D1BEC6B9A00DE6BF1 /* opensslv.h */ = {isa = PBXFileReference; fileEncoding = 4; lastKnownFileType = sourcecode.c.h; path = opensslv.h; sourceTree = "<group>"; };
		2582CB6E1BEC6B9A00DE6BF1 /* ossl_typ.h */ = {isa = PBXFileReference; fileEncoding = 4; lastKnownFileType = sourcecode.c.h; path = ossl_typ.h; sourceTree = "<group>"; };
		2582CB6F1BEC6B9A00DE6BF1 /* pem.h */ = {isa = PBXFileReference; fileEncoding = 4; lastKnownFileType = sourcecode.c.h; path = pem.h; sourceTree = "<group>"; };
		2582CB701BEC6B9A00DE6BF1 /* pem2.h */ = {isa = PBXFileReference; fileEncoding = 4; lastKnownFileType = sourcecode.c.h; path = pem2.h; sourceTree = "<group>"; };
		2582CB711BEC6B9A00DE6BF1 /* pkcs12.h */ = {isa = PBXFileReference; fileEncoding = 4; lastKnownFileType = sourcecode.c.h; path = pkcs12.h; sourceTree = "<group>"; };
		2582CB721BEC6B9A00DE6BF1 /* pkcs7.h */ = {isa = PBXFileReference; fileEncoding = 4; lastKnownFileType = sourcecode.c.h; path = pkcs7.h; sourceTree = "<group>"; };
		2582CB731BEC6B9A00DE6BF1 /* pqueue.h */ = {isa = PBXFileReference; fileEncoding = 4; lastKnownFileType = sourcecode.c.h; path = pqueue.h; sourceTree = "<group>"; };
		2582CB741BEC6B9A00DE6BF1 /* rand.h */ = {isa = PBXFileReference; fileEncoding = 4; lastKnownFileType = sourcecode.c.h; path = rand.h; sourceTree = "<group>"; };
		2582CB751BEC6B9A00DE6BF1 /* rc2.h */ = {isa = PBXFileReference; fileEncoding = 4; lastKnownFileType = sourcecode.c.h; path = rc2.h; sourceTree = "<group>"; };
		2582CB761BEC6B9A00DE6BF1 /* rc4.h */ = {isa = PBXFileReference; fileEncoding = 4; lastKnownFileType = sourcecode.c.h; path = rc4.h; sourceTree = "<group>"; };
		2582CB771BEC6B9A00DE6BF1 /* ripemd.h */ = {isa = PBXFileReference; fileEncoding = 4; lastKnownFileType = sourcecode.c.h; path = ripemd.h; sourceTree = "<group>"; };
		2582CB781BEC6B9A00DE6BF1 /* rsa.h */ = {isa = PBXFileReference; fileEncoding = 4; lastKnownFileType = sourcecode.c.h; path = rsa.h; sourceTree = "<group>"; };
		2582CB791BEC6B9A00DE6BF1 /* safestack.h */ = {isa = PBXFileReference; fileEncoding = 4; lastKnownFileType = sourcecode.c.h; path = safestack.h; sourceTree = "<group>"; };
		2582CB7A1BEC6B9A00DE6BF1 /* seed.h */ = {isa = PBXFileReference; fileEncoding = 4; lastKnownFileType = sourcecode.c.h; path = seed.h; sourceTree = "<group>"; };
		2582CB7B1BEC6B9A00DE6BF1 /* sha.h */ = {isa = PBXFileReference; fileEncoding = 4; lastKnownFileType = sourcecode.c.h; path = sha.h; sourceTree = "<group>"; };
		2582CB7C1BEC6B9A00DE6BF1 /* srp.h */ = {isa = PBXFileReference; fileEncoding = 4; lastKnownFileType = sourcecode.c.h; path = srp.h; sourceTree = "<group>"; };
		2582CB7D1BEC6B9A00DE6BF1 /* srtp.h */ = {isa = PBXFileReference; fileEncoding = 4; lastKnownFileType = sourcecode.c.h; path = srtp.h; sourceTree = "<group>"; };
		2582CB7E1BEC6B9A00DE6BF1 /* ssl.h */ = {isa = PBXFileReference; fileEncoding = 4; lastKnownFileType = sourcecode.c.h; path = ssl.h; sourceTree = "<group>"; };
		2582CB7F1BEC6B9A00DE6BF1 /* ssl2.h */ = {isa = PBXFileReference; fileEncoding = 4; lastKnownFileType = sourcecode.c.h; path = ssl2.h; sourceTree = "<group>"; };
		2582CB801BEC6B9A00DE6BF1 /* ssl23.h */ = {isa = PBXFileReference; fileEncoding = 4; lastKnownFileType = sourcecode.c.h; path = ssl23.h; sourceTree = "<group>"; };
		2582CB811BEC6B9A00DE6BF1 /* ssl3.h */ = {isa = PBXFileReference; fileEncoding = 4; lastKnownFileType = sourcecode.c.h; path = ssl3.h; sourceTree = "<group>"; };
		2582CB821BEC6B9A00DE6BF1 /* stack.h */ = {isa = PBXFileReference; fileEncoding = 4; lastKnownFileType = sourcecode.c.h; path = stack.h; sourceTree = "<group>"; };
		2582CB831BEC6B9A00DE6BF1 /* symhacks.h */ = {isa = PBXFileReference; fileEncoding = 4; lastKnownFileType = sourcecode.c.h; path = symhacks.h; sourceTree = "<group>"; };
		2582CB841BEC6B9A00DE6BF1 /* tls1.h */ = {isa = PBXFileReference; fileEncoding = 4; lastKnownFileType = sourcecode.c.h; path = tls1.h; sourceTree = "<group>"; };
		2582CB851BEC6B9A00DE6BF1 /* ts.h */ = {isa = PBXFileReference; fileEncoding = 4; lastKnownFileType = sourcecode.c.h; path = ts.h; sourceTree = "<group>"; };
		2582CB861BEC6B9A00DE6BF1 /* txt_db.h */ = {isa = PBXFileReference; fileEncoding = 4; lastKnownFileType = sourcecode.c.h; path = txt_db.h; sourceTree = "<group>"; };
		2582CB871BEC6B9A00DE6BF1 /* ui.h */ = {isa = PBXFileReference; fileEncoding = 4; lastKnownFileType = sourcecode.c.h; path = ui.h; sourceTree = "<group>"; };
		2582CB881BEC6B9A00DE6BF1 /* ui_compat.h */ = {isa = PBXFileReference; fileEncoding = 4; lastKnownFileType = sourcecode.c.h; path = ui_compat.h; sourceTree = "<group>"; };
		2582CB891BEC6B9A00DE6BF1 /* whrlpool.h */ = {isa = PBXFileReference; fileEncoding = 4; lastKnownFileType = sourcecode.c.h; path = whrlpool.h; sourceTree = "<group>"; };
		2582CB8A1BEC6B9A00DE6BF1 /* x509.h */ = {isa = PBXFileReference; fileEncoding = 4; lastKnownFileType = sourcecode.c.h; path = x509.h; sourceTree = "<group>"; };
		2582CB8B1BEC6B9A00DE6BF1 /* x509_vfy.h */ = {isa = PBXFileReference; fileEncoding = 4; lastKnownFileType = sourcecode.c.h; path = x509_vfy.h; sourceTree = "<group>"; };
		2582CB8C1BEC6B9A00DE6BF1 /* x509v3.h */ = {isa = PBXFileReference; fileEncoding = 4; lastKnownFileType = sourcecode.c.h; path = x509v3.h; sourceTree = "<group>"; };
		2582CB8D1BEC6D0A00DE6BF1 /* SystemConfiguration.framework */ = {isa = PBXFileReference; lastKnownFileType = wrapper.framework; name = SystemConfiguration.framework; path = System/Library/Frameworks/SystemConfiguration.framework; sourceTree = SDKROOT; };
		2582CB8F1BEC6D1000DE6BF1 /* CoreTelephony.framework */ = {isa = PBXFileReference; lastKnownFileType = wrapper.framework; name = CoreTelephony.framework; path = System/Library/Frameworks/CoreTelephony.framework; sourceTree = SDKROOT; };
		2582CB911BEC6D1800DE6BF1 /* QuartzCore.framework */ = {isa = PBXFileReference; lastKnownFileType = wrapper.framework; name = QuartzCore.framework; path = System/Library/Frameworks/QuartzCore.framework; sourceTree = SDKROOT; };
		2582CB931BEC6D2C00DE6BF1 /* CoreText.framework */ = {isa = PBXFileReference; lastKnownFileType = wrapper.framework; name = CoreText.framework; path = System/Library/Frameworks/CoreText.framework; sourceTree = SDKROOT; };
		2582CB951BEC6D3300DE6BF1 /* CoreGraphics.framework */ = {isa = PBXFileReference; lastKnownFileType = wrapper.framework; name = CoreGraphics.framework; path = System/Library/Frameworks/CoreGraphics.framework; sourceTree = SDKROOT; };
		2582CB971BEC6D3A00DE6BF1 /* Foundation.framework */ = {isa = PBXFileReference; lastKnownFileType = wrapper.framework; name = Foundation.framework; path = System/Library/Frameworks/Foundation.framework; sourceTree = SDKROOT; };
		2582CB991BEC6D4700DE6BF1 /* libz.tbd */ = {isa = PBXFileReference; lastKnownFileType = "sourcecode.text-based-dylib-definition"; name = libz.tbd; path = usr/lib/libz.tbd; sourceTree = SDKROOT; };
		2594D9A81BF0350100A87D4A /* WDPayKit.h */ = {isa = PBXFileReference; fileEncoding = 4; lastKnownFileType = sourcecode.c.h; path = WDPayKit.h; sourceTree = "<group>"; };
		2594D9A91BF0350100A87D4A /* WDPayKit.mm */ = {isa = PBXFileReference; fileEncoding = 4; lastKnownFileType = sourcecode.cpp.objcpp; path = WDPayKit.mm; sourceTree = "<group>"; };
		2594D9AB1BF035E600A87D4A /* ALPayOrder.h */ = {isa = PBXFileReference; fileEncoding = 4; lastKnownFileType = sourcecode.c.h; path = ALPayOrder.h; sourceTree = "<group>"; };
		2594D9AC1BF035E600A87D4A /* ALPayOrder.m */ = {isa = PBXFileReference; fileEncoding = 4; lastKnownFileType = sourcecode.c.objc; path = ALPayOrder.m; sourceTree = "<group>"; };
		2594D9B01BF03CF200A87D4A /* UPPayPlugin.h */ = {isa = PBXFileReference; fileEncoding = 4; lastKnownFileType = sourcecode.c.h; path = UPPayPlugin.h; sourceTree = "<group>"; };
		2594D9B11BF03CF200A87D4A /* UPPayPluginDelegate.h */ = {isa = PBXFileReference; fileEncoding = 4; lastKnownFileType = sourcecode.c.h; path = UPPayPluginDelegate.h; sourceTree = "<group>"; };
		2594D9B41BF03CF200A87D4A /* libUPPayPlugin.a */ = {isa = PBXFileReference; lastKnownFileType = archive.ar; path = libUPPayPlugin.a; sourceTree = "<group>"; };
		2594D9B81BF03F8A00A87D4A /* Security.framework */ = {isa = PBXFileReference; lastKnownFileType = wrapper.framework; name = Security.framework; path = System/Library/Frameworks/Security.framework; sourceTree = SDKROOT; };
		2594D9BA1BF03F9D00A87D4A /* AudioToolbox.framework */ = {isa = PBXFileReference; lastKnownFileType = wrapper.framework; name = AudioToolbox.framework; path = System/Library/Frameworks/AudioToolbox.framework; sourceTree = SDKROOT; };
		2594D9BC1BF03FA300A87D4A /* AVFoundation.framework */ = {isa = PBXFileReference; lastKnownFileType = wrapper.framework; name = AVFoundation.framework; path = System/Library/Frameworks/AVFoundation.framework; sourceTree = SDKROOT; };
		2594D9BE1BF03FAA00A87D4A /* MediaPlayer.framework */ = {isa = PBXFileReference; lastKnownFileType = wrapper.framework; name = MediaPlayer.framework; path = System/Library/Frameworks/MediaPlayer.framework; sourceTree = SDKROOT; };
		2594D9C01BF03FB200A87D4A /* CoreAudio.framework */ = {isa = PBXFileReference; lastKnownFileType = wrapper.framework; name = CoreAudio.framework; path = System/Library/Frameworks/CoreAudio.framework; sourceTree = SDKROOT; };
		2594D9C21BF03FBA00A87D4A /* AdSupport.framework */ = {isa = PBXFileReference; lastKnownFileType = wrapper.framework; name = AdSupport.framework; path = System/Library/Frameworks/AdSupport.framework; sourceTree = SDKROOT; };
		2594D9C41BF0411F00A87D4A /* libsqlite3.tbd */ = {isa = PBXFileReference; lastKnownFileType = "sourcecode.text-based-dylib-definition"; name = libsqlite3.tbd; path = usr/lib/libsqlite3.tbd; sourceTree = SDKROOT; };
/* End PBXFileReference section */

/* Begin PBXFrameworksBuildPhase section */
		2582CAAC1BEC567F00DE6BF1 /* Frameworks */ = {
			isa = PBXFrameworksBuildPhase;
			buildActionMask = 2147483647;
			files = (
				2594D9C51BF0411F00A87D4A /* libsqlite3.tbd in Frameworks */,
				2594D9C31BF03FBA00A87D4A /* AdSupport.framework in Frameworks */,
				2594D9C11BF03FB200A87D4A /* CoreAudio.framework in Frameworks */,
				2594D9BF1BF03FAA00A87D4A /* MediaPlayer.framework in Frameworks */,
				2594D9BD1BF03FA300A87D4A /* AVFoundation.framework in Frameworks */,
				2594D9BB1BF03F9D00A87D4A /* AudioToolbox.framework in Frameworks */,
				2594D9B91BF03F8A00A87D4A /* Security.framework in Frameworks */,
				2582CB9A1BEC6D4700DE6BF1 /* libz.tbd in Frameworks */,
				2582CB981BEC6D3A00DE6BF1 /* Foundation.framework in Frameworks */,
				2582CB961BEC6D3300DE6BF1 /* CoreGraphics.framework in Frameworks */,
				2582CB941BEC6D2C00DE6BF1 /* CoreText.framework in Frameworks */,
				2594D9B61BF03CF200A87D4A /* libUPPayPlugin.a in Frameworks */,
				2582CB921BEC6D1800DE6BF1 /* QuartzCore.framework in Frameworks */,
				2582CB901BEC6D1000DE6BF1 /* CoreTelephony.framework in Frameworks */,
				2582CB8E1BEC6D0A00DE6BF1 /* SystemConfiguration.framework in Frameworks */,
				2582CB341BEC59FD00DE6BF1 /* libcrypto.a in Frameworks */,
				2582CB331BEC59FD00DE6BF1 /* AlipaySDK.framework in Frameworks */,
				2582CB3E1BEC59FD00DE6BF1 /* libWeChatSDK.a in Frameworks */,
				2582CB351BEC59FD00DE6BF1 /* libssl.a in Frameworks */,
			);
			runOnlyForDeploymentPostprocessing = 0;
		};
/* End PBXFrameworksBuildPhase section */

/* Begin PBXGroup section */
		2582CAA61BEC567F00DE6BF1 = {
			isa = PBXGroup;
			children = (
				2594D9C41BF0411F00A87D4A /* libsqlite3.tbd */,
				2594D9C21BF03FBA00A87D4A /* AdSupport.framework */,
				2594D9C01BF03FB200A87D4A /* CoreAudio.framework */,
				2594D9BE1BF03FAA00A87D4A /* MediaPlayer.framework */,
				2594D9BC1BF03FA300A87D4A /* AVFoundation.framework */,
				2594D9BA1BF03F9D00A87D4A /* AudioToolbox.framework */,
				2594D9B81BF03F8A00A87D4A /* Security.framework */,
				2582CB991BEC6D4700DE6BF1 /* libz.tbd */,
				2582CB971BEC6D3A00DE6BF1 /* Foundation.framework */,
				2582CB951BEC6D3300DE6BF1 /* CoreGraphics.framework */,
				2582CB931BEC6D2C00DE6BF1 /* CoreText.framework */,
				2582CB911BEC6D1800DE6BF1 /* QuartzCore.framework */,
				2582CB8F1BEC6D1000DE6BF1 /* CoreTelephony.framework */,
				2582CB8D1BEC6D0A00DE6BF1 /* SystemConfiguration.framework */,
				2582CAB11BEC567F00DE6BF1 /* WDPayTools */,
				2582CAB01BEC567F00DE6BF1 /* Products */,
			);
			sourceTree = "<group>";
		};
		2582CAB01BEC567F00DE6BF1 /* Products */ = {
			isa = PBXGroup;
			children = (
				2582CAAF1BEC567F00DE6BF1 /* WDPayTools.app */,
			);
			name = Products;
			sourceTree = "<group>";
		};
		2582CAB11BEC567F00DE6BF1 /* WDPayTools */ = {
			isa = PBXGroup;
			children = (
				2582CAC91BEC59FD00DE6BF1 /* PaySDk */,
				2582CAB51BEC567F00DE6BF1 /* AppDelegate.h */,
				2582CAB61BEC567F00DE6BF1 /* AppDelegate.m */,
				2594D9AB1BF035E600A87D4A /* ALPayOrder.h */,
				2594D9AC1BF035E600A87D4A /* ALPayOrder.m */,
				2582CAB81BEC567F00DE6BF1 /* ViewController.h */,
				2582CAB91BEC567F00DE6BF1 /* ViewController.m */,
				2594D9A81BF0350100A87D4A /* WDPayKit.h */,
				2594D9A91BF0350100A87D4A /* WDPayKit.mm */,
				2582CABB1BEC567F00DE6BF1 /* Main.storyboard */,
				2582CABE1BEC567F00DE6BF1 /* Assets.xcassets */,
				2582CAC01BEC567F00DE6BF1 /* LaunchScreen.storyboard */,
				2582CAC31BEC567F00DE6BF1 /* Info.plist */,
				2582CAB21BEC567F00DE6BF1 /* Supporting Files */,
			);
			path = WDPayTools;
			sourceTree = "<group>";
		};
		2582CAB21BEC567F00DE6BF1 /* Supporting Files */ = {
			isa = PBXGroup;
			children = (
				2582CAB31BEC567F00DE6BF1 /* main.m */,
				2582CB401BEC5A5200DE6BF1 /* PrefixHeader.pch */,
			);
			name = "Supporting Files";
			sourceTree = "<group>";
		};
		2582CAC91BEC59FD00DE6BF1 /* PaySDk */ = {
			isa = PBXGroup;
			children = (
				2594D9AE1BF03CF200A87D4A /* UPPAY */,
				2582CACA1BEC59FD00DE6BF1 /* ALPay */,
				2582CB2D1BEC59FD00DE6BF1 /* WXPay */,
			);
			path = PaySDk;
			sourceTree = "<group>";
		};
		2582CACA1BEC59FD00DE6BF1 /* ALPay */ = {
			isa = PBXGroup;
			children = (
				2582CB411BEC6B9A00DE6BF1 /* openssl */,
				2582CACB1BEC59FD00DE6BF1 /* AlipaySDK.bundle */,
				2582CACC1BEC59FD00DE6BF1 /* AlipaySDK.framework */,
				2582CACD1BEC59FD00DE6BF1 /* libcrypto.a */,
				2582CACE1BEC59FD00DE6BF1 /* libssl.a */,
				2582CB1B1BEC59FD00DE6BF1 /* Util */,
			);
			path = ALPay;
			sourceTree = "<group>";
		};
		2582CB1B1BEC59FD00DE6BF1 /* Util */ = {
			isa = PBXGroup;
			children = (
				2582CB1C1BEC59FD00DE6BF1 /* base64.h */,
				2582CB1D1BEC59FD00DE6BF1 /* base64.m */,
				2582CB1E1BEC59FD00DE6BF1 /* config.h */,
				2582CB1F1BEC59FD00DE6BF1 /* DataSigner.h */,
				2582CB201BEC59FD00DE6BF1 /* DataSigner.mm */,
				2582CB211BEC59FD00DE6BF1 /* DataVerifier.h */,
				2582CB221BEC59FD00DE6BF1 /* DataVerifier.m */,
				2582CB231BEC59FD00DE6BF1 /* MD5DataSigner.h */,
				2582CB241BEC59FD00DE6BF1 /* MD5DataSigner.m */,
				2582CB251BEC59FD00DE6BF1 /* NSDataEx.h */,
				2582CB261BEC59FD00DE6BF1 /* NSDataEx.m */,
				2582CB271BEC59FD00DE6BF1 /* openssl_wrapper.h */,
				2582CB281BEC59FD00DE6BF1 /* openssl_wrapper.m */,
				2582CB291BEC59FD00DE6BF1 /* RSADataSigner.h */,
				2582CB2A1BEC59FD00DE6BF1 /* RSADataSigner.m */,
				2582CB2B1BEC59FD00DE6BF1 /* RSADataVerifier.h */,
				2582CB2C1BEC59FD00DE6BF1 /* RSADataVerifier.m */,
			);
			path = Util;
			sourceTree = "<group>";
		};
		2582CB2D1BEC59FD00DE6BF1 /* WXPay */ = {
			isa = PBXGroup;
			children = (
				2582CB2E1BEC59FD00DE6BF1 /* libWeChatSDK.a */,
				2582CB2F1BEC59FD00DE6BF1 /* read_me.txt */,
				2582CB301BEC59FD00DE6BF1 /* WXApi.h */,
				2582CB311BEC59FD00DE6BF1 /* WXApiObject.h */,
			);
			path = WXPay;
			sourceTree = "<group>";
		};
		2582CB411BEC6B9A00DE6BF1 /* openssl */ = {
			isa = PBXGroup;
			children = (
				2582CB421BEC6B9A00DE6BF1 /* aes.h */,
				2582CB431BEC6B9A00DE6BF1 /* asn1.h */,
				2582CB441BEC6B9A00DE6BF1 /* asn1_mac.h */,
				2582CB451BEC6B9A00DE6BF1 /* asn1t.h */,
				2582CB461BEC6B9A00DE6BF1 /* bio.h */,
				2582CB471BEC6B9A00DE6BF1 /* blowfish.h */,
				2582CB481BEC6B9A00DE6BF1 /* bn.h */,
				2582CB491BEC6B9A00DE6BF1 /* buffer.h */,
				2582CB4A1BEC6B9A00DE6BF1 /* camellia.h */,
				2582CB4B1BEC6B9A00DE6BF1 /* cast.h */,
				2582CB4C1BEC6B9A00DE6BF1 /* cmac.h */,
				2582CB4D1BEC6B9A00DE6BF1 /* cms.h */,
				2582CB4E1BEC6B9A00DE6BF1 /* comp.h */,
				2582CB4F1BEC6B9A00DE6BF1 /* conf.h */,
				2582CB501BEC6B9A00DE6BF1 /* conf_api.h */,
				2582CB511BEC6B9A00DE6BF1 /* crypto.h */,
				2582CB521BEC6B9A00DE6BF1 /* des.h */,
				2582CB531BEC6B9A00DE6BF1 /* des_old.h */,
				2582CB541BEC6B9A00DE6BF1 /* dh.h */,
				2582CB551BEC6B9A00DE6BF1 /* dsa.h */,
				2582CB561BEC6B9A00DE6BF1 /* dso.h */,
				2582CB571BEC6B9A00DE6BF1 /* dtls1.h */,
				2582CB581BEC6B9A00DE6BF1 /* e_os2.h */,
				2582CB591BEC6B9A00DE6BF1 /* ebcdic.h */,
				2582CB5A1BEC6B9A00DE6BF1 /* ec.h */,
				2582CB5B1BEC6B9A00DE6BF1 /* ecdh.h */,
				2582CB5C1BEC6B9A00DE6BF1 /* ecdsa.h */,
				2582CB5D1BEC6B9A00DE6BF1 /* engine.h */,
				2582CB5E1BEC6B9A00DE6BF1 /* err.h */,
				2582CB5F1BEC6B9A00DE6BF1 /* evp.h */,
				2582CB601BEC6B9A00DE6BF1 /* hmac.h */,
				2582CB611BEC6B9A00DE6BF1 /* idea.h */,
				2582CB621BEC6B9A00DE6BF1 /* krb5_asn.h */,
				2582CB631BEC6B9A00DE6BF1 /* kssl.h */,
				2582CB641BEC6B9A00DE6BF1 /* lhash.h */,
				2582CB651BEC6B9A00DE6BF1 /* md4.h */,
				2582CB661BEC6B9A00DE6BF1 /* md5.h */,
				2582CB671BEC6B9A00DE6BF1 /* mdc2.h */,
				2582CB681BEC6B9A00DE6BF1 /* modes.h */,
				2582CB691BEC6B9A00DE6BF1 /* obj_mac.h */,
				2582CB6A1BEC6B9A00DE6BF1 /* objects.h */,
				2582CB6B1BEC6B9A00DE6BF1 /* ocsp.h */,
				2582CB6C1BEC6B9A00DE6BF1 /* opensslconf.h */,
				2582CB6D1BEC6B9A00DE6BF1 /* opensslv.h */,
				2582CB6E1BEC6B9A00DE6BF1 /* ossl_typ.h */,
				2582CB6F1BEC6B9A00DE6BF1 /* pem.h */,
				2582CB701BEC6B9A00DE6BF1 /* pem2.h */,
				2582CB711BEC6B9A00DE6BF1 /* pkcs12.h */,
				2582CB721BEC6B9A00DE6BF1 /* pkcs7.h */,
				2582CB731BEC6B9A00DE6BF1 /* pqueue.h */,
				2582CB741BEC6B9A00DE6BF1 /* rand.h */,
				2582CB751BEC6B9A00DE6BF1 /* rc2.h */,
				2582CB761BEC6B9A00DE6BF1 /* rc4.h */,
				2582CB771BEC6B9A00DE6BF1 /* ripemd.h */,
				2582CB781BEC6B9A00DE6BF1 /* rsa.h */,
				2582CB791BEC6B9A00DE6BF1 /* safestack.h */,
				2582CB7A1BEC6B9A00DE6BF1 /* seed.h */,
				2582CB7B1BEC6B9A00DE6BF1 /* sha.h */,
				2582CB7C1BEC6B9A00DE6BF1 /* srp.h */,
				2582CB7D1BEC6B9A00DE6BF1 /* srtp.h */,
				2582CB7E1BEC6B9A00DE6BF1 /* ssl.h */,
				2582CB7F1BEC6B9A00DE6BF1 /* ssl2.h */,
				2582CB801BEC6B9A00DE6BF1 /* ssl23.h */,
				2582CB811BEC6B9A00DE6BF1 /* ssl3.h */,
				2582CB821BEC6B9A00DE6BF1 /* stack.h */,
				2582CB831BEC6B9A00DE6BF1 /* symhacks.h */,
				2582CB841BEC6B9A00DE6BF1 /* tls1.h */,
				2582CB851BEC6B9A00DE6BF1 /* ts.h */,
				2582CB861BEC6B9A00DE6BF1 /* txt_db.h */,
				2582CB871BEC6B9A00DE6BF1 /* ui.h */,
				2582CB881BEC6B9A00DE6BF1 /* ui_compat.h */,
				2582CB891BEC6B9A00DE6BF1 /* whrlpool.h */,
				2582CB8A1BEC6B9A00DE6BF1 /* x509.h */,
				2582CB8B1BEC6B9A00DE6BF1 /* x509_vfy.h */,
				2582CB8C1BEC6B9A00DE6BF1 /* x509v3.h */,
			);
			path = openssl;
			sourceTree = "<group>";
		};
		2594D9AE1BF03CF200A87D4A /* UPPAY */ = {
			isa = PBXGroup;
			children = (
				2594D9AF1BF03CF200A87D4A /* inc */,
				2594D9B31BF03CF200A87D4A /* libs */,
			);
			path = UPPAY;
			sourceTree = "<group>";
		};
		2594D9AF1BF03CF200A87D4A /* inc */ = {
			isa = PBXGroup;
			children = (
				2594D9B01BF03CF200A87D4A /* UPPayPlugin.h */,
				2594D9B11BF03CF200A87D4A /* UPPayPluginDelegate.h */,
			);
			path = inc;
			sourceTree = "<group>";
		};
		2594D9B31BF03CF200A87D4A /* libs */ = {
			isa = PBXGroup;
			children = (
				2594D9B41BF03CF200A87D4A /* libUPPayPlugin.a */,
			);
			path = libs;
			sourceTree = "<group>";
		};
/* End PBXGroup section */

/* Begin PBXNativeTarget section */
		2582CAAE1BEC567F00DE6BF1 /* WDPayTools */ = {
			isa = PBXNativeTarget;
			buildConfigurationList = 2582CAC61BEC567F00DE6BF1 /* Build configuration list for PBXNativeTarget "WDPayTools" */;
			buildPhases = (
				2582CAAB1BEC567F00DE6BF1 /* Sources */,
				2582CAAC1BEC567F00DE6BF1 /* Frameworks */,
				2582CAAD1BEC567F00DE6BF1 /* Resources */,
			);
			buildRules = (
			);
			dependencies = (
			);
			name = WDPayTools;
			productName = WDPayTools;
			productReference = 2582CAAF1BEC567F00DE6BF1 /* WDPayTools.app */;
			productType = "com.apple.product-type.application";
		};
/* End PBXNativeTarget section */

/* Begin PBXProject section */
		2582CAA71BEC567F00DE6BF1 /* Project object */ = {
			isa = PBXProject;
			attributes = {
				LastUpgradeCheck = 0710;
				ORGANIZATIONNAME = Blake;
				TargetAttributes = {
					2582CAAE1BEC567F00DE6BF1 = {
						CreatedOnToolsVersion = 7.1;
					};
				};
			};
			buildConfigurationList = 2582CAAA1BEC567F00DE6BF1 /* Build configuration list for PBXProject "WDPayTools" */;
			compatibilityVersion = "Xcode 3.2";
			developmentRegion = English;
			hasScannedForEncodings = 0;
			knownRegions = (
				en,
				Base,
			);
			mainGroup = 2582CAA61BEC567F00DE6BF1;
			productRefGroup = 2582CAB01BEC567F00DE6BF1 /* Products */;
			projectDirPath = "";
			projectRoot = "";
			targets = (
				2582CAAE1BEC567F00DE6BF1 /* WDPayTools */,
			);
		};
/* End PBXProject section */

/* Begin PBXResourcesBuildPhase section */
		2582CAAD1BEC567F00DE6BF1 /* Resources */ = {
			isa = PBXResourcesBuildPhase;
			buildActionMask = 2147483647;
			files = (
				2582CAC21BEC567F00DE6BF1 /* LaunchScreen.storyboard in Resources */,
				2582CABF1BEC567F00DE6BF1 /* Assets.xcassets in Resources */,
				2582CB321BEC59FD00DE6BF1 /* AlipaySDK.bundle in Resources */,
				2582CABD1BEC567F00DE6BF1 /* Main.storyboard in Resources */,
				2582CB3F1BEC59FD00DE6BF1 /* read_me.txt in Resources */,
			);
			runOnlyForDeploymentPostprocessing = 0;
		};
/* End PBXResourcesBuildPhase section */

/* Begin PBXSourcesBuildPhase section */
		2582CAAB1BEC567F00DE6BF1 /* Sources */ = {
			isa = PBXSourcesBuildPhase;
			buildActionMask = 2147483647;
			files = (
				2582CB361BEC59FD00DE6BF1 /* base64.m in Sources */,
				2594D9AA1BF0350100A87D4A /* WDPayKit.mm in Sources */,
				2582CABA1BEC567F00DE6BF1 /* ViewController.m in Sources */,
				2582CB3C1BEC59FD00DE6BF1 /* RSADataSigner.m in Sources */,
				2582CB3B1BEC59FD00DE6BF1 /* openssl_wrapper.m in Sources */,
				2582CB371BEC59FD00DE6BF1 /* DataSigner.mm in Sources */,
				2582CB3D1BEC59FD00DE6BF1 /* RSADataVerifier.m in Sources */,
				2582CB381BEC59FD00DE6BF1 /* DataVerifier.m in Sources */,
				2594D9AD1BF035E600A87D4A /* ALPayOrder.m in Sources */,
				2582CAB71BEC567F00DE6BF1 /* AppDelegate.m in Sources */,
				2582CB3A1BEC59FD00DE6BF1 /* NSDataEx.m in Sources */,
				2582CB391BEC59FD00DE6BF1 /* MD5DataSigner.m in Sources */,
				2582CAB41BEC567F00DE6BF1 /* main.m in Sources */,
			);
			runOnlyForDeploymentPostprocessing = 0;
		};
/* End PBXSourcesBuildPhase section */

/* Begin PBXVariantGroup section */
		2582CABB1BEC567F00DE6BF1 /* Main.storyboard */ = {
			isa = PBXVariantGroup;
			children = (
				2582CABC1BEC567F00DE6BF1 /* Base */,
			);
			name = Main.storyboard;
			sourceTree = "<group>";
		};
		2582CAC01BEC567F00DE6BF1 /* LaunchScreen.storyboard */ = {
			isa = PBXVariantGroup;
			children = (
				2582CAC11BEC567F00DE6BF1 /* Base */,
			);
			name = LaunchScreen.storyboard;
			sourceTree = "<group>";
		};
/* End PBXVariantGroup section */

/* Begin XCBuildConfiguration section */
		2582CAC41BEC567F00DE6BF1 /* Debug */ = {
			isa = XCBuildConfiguration;
			buildSettings = {
				ALWAYS_SEARCH_USER_PATHS = NO;
				CLANG_CXX_LANGUAGE_STANDARD = "gnu++0x";
				CLANG_CXX_LIBRARY = "libc++";
				CLANG_ENABLE_MODULES = YES;
				CLANG_ENABLE_OBJC_ARC = YES;
				CLANG_WARN_BOOL_CONVERSION = YES;
				CLANG_WARN_CONSTANT_CONVERSION = YES;
				CLANG_WARN_DIRECT_OBJC_ISA_USAGE = YES_ERROR;
				CLANG_WARN_EMPTY_BODY = YES;
				CLANG_WARN_ENUM_CONVERSION = YES;
				CLANG_WARN_INT_CONVERSION = YES;
				CLANG_WARN_OBJC_ROOT_CLASS = YES_ERROR;
				CLANG_WARN_UNREACHABLE_CODE = YES;
				CLANG_WARN__DUPLICATE_METHOD_MATCH = YES;
				"CODE_SIGN_IDENTITY[sdk=iphoneos*]" = "iPhone Developer";
				COPY_PHASE_STRIP = NO;
				DEBUG_INFORMATION_FORMAT = dwarf;
				ENABLE_STRICT_OBJC_MSGSEND = YES;
				ENABLE_TESTABILITY = YES;
				FRAMEWORK_SEARCH_PATHS = (
					"$(PROJECT_DIR)/WDPayTools/PaySDK",
					"$(PROJECT_DIR)/WDPayTools/PaySDK/WXPay",
					"$(PROJECT_DIR)/WDPayTools/PaySDK/ALPay",
					"$(PROJECT_DIR)/WDPayTools/PaySDK/ALPay/Util",
					"$(PROJECT_DIR)/WDPayTools/PaySDK/ALPay/openssl",
				);
				GCC_C_LANGUAGE_STANDARD = gnu99;
				GCC_DYNAMIC_NO_PIC = NO;
				GCC_NO_COMMON_BLOCKS = YES;
				GCC_OPTIMIZATION_LEVEL = 0;
				GCC_PRECOMPILE_PREFIX_HEADER = YES;
				GCC_PREFIX_HEADER = PrefixHeader.pch;
				GCC_PREPROCESSOR_DEFINITIONS = (
					"DEBUG=1",
					"$(inherited)",
				);
				GCC_WARN_64_TO_32_BIT_CONVERSION = YES;
				GCC_WARN_ABOUT_RETURN_TYPE = YES_ERROR;
				GCC_WARN_UNDECLARED_SELECTOR = YES;
				GCC_WARN_UNINITIALIZED_AUTOS = YES_AGGRESSIVE;
				GCC_WARN_UNUSED_FUNCTION = YES;
				GCC_WARN_UNUSED_VARIABLE = YES;
				HEADER_SEARCH_PATHS = (
					"$(PROJECT_DIR)/WDPayTools/PaySDK",
					"$(PROJECT_DIR)/WDPayTools/PaySDK/WXPay",
					"$(PROJECT_DIR)/WDPayTools/PaySDK/ALPay",
					"$(PROJECT_DIR)/WDPayTools/PaySDK/ALPay/Util",
					"$(PROJECT_DIR)/WDPayTools/PaySDK/ALPay/openssl",
				);
				IPHONEOS_DEPLOYMENT_TARGET = 7.0;
				LIBRARY_SEARCH_PATHS = (
					"$(PROJECT_DIR)/WDPayTools/PaySDK",
					"$(PROJECT_DIR)/WDPayTools/PaySDK/WXPay",
					"$(PROJECT_DIR)/WDPayTools/PaySDK/ALPay",
					"$(PROJECT_DIR)/WDPayTools/PaySDK/ALPay/Util",
					"$(PROJECT_DIR)/WDPayTools/PaySDK/ALPay/openssl",
				);
				MTL_ENABLE_DEBUG_INFO = YES;
				ONLY_ACTIVE_ARCH = YES;
				SDKROOT = iphoneos;
			};
			name = Debug;
		};
		2582CAC51BEC567F00DE6BF1 /* Release */ = {
			isa = XCBuildConfiguration;
			buildSettings = {
				ALWAYS_SEARCH_USER_PATHS = NO;
				CLANG_CXX_LANGUAGE_STANDARD = "gnu++0x";
				CLANG_CXX_LIBRARY = "libc++";
				CLANG_ENABLE_MODULES = YES;
				CLANG_ENABLE_OBJC_ARC = YES;
				CLANG_WARN_BOOL_CONVERSION = YES;
				CLANG_WARN_CONSTANT_CONVERSION = YES;
				CLANG_WARN_DIRECT_OBJC_ISA_USAGE = YES_ERROR;
				CLANG_WARN_EMPTY_BODY = YES;
				CLANG_WARN_ENUM_CONVERSION = YES;
				CLANG_WARN_INT_CONVERSION = YES;
				CLANG_WARN_OBJC_ROOT_CLASS = YES_ERROR;
				CLANG_WARN_UNREACHABLE_CODE = YES;
				CLANG_WARN__DUPLICATE_METHOD_MATCH = YES;
				"CODE_SIGN_IDENTITY[sdk=iphoneos*]" = "iPhone Developer";
				COPY_PHASE_STRIP = NO;
				DEBUG_INFORMATION_FORMAT = "dwarf-with-dsym";
				ENABLE_NS_ASSERTIONS = NO;
				ENABLE_STRICT_OBJC_MSGSEND = YES;
				FRAMEWORK_SEARCH_PATHS = (
					"$(PROJECT_DIR)/WDPayTools/PaySDK",
					"$(PROJECT_DIR)/WDPayTools/PaySDK/WXPay",
					"$(PROJECT_DIR)/WDPayTools/PaySDK/ALPay",
					"$(PROJECT_DIR)/WDPayTools/PaySDK/ALPay/Util",
					"$(PROJECT_DIR)/WDPayTools/PaySDK/ALPay/openssl",
				);
				GCC_C_LANGUAGE_STANDARD = gnu99;
				GCC_NO_COMMON_BLOCKS = YES;
				GCC_PRECOMPILE_PREFIX_HEADER = YES;
				GCC_PREFIX_HEADER = PrefixHeader.pch;
				GCC_WARN_64_TO_32_BIT_CONVERSION = YES;
				GCC_WARN_ABOUT_RETURN_TYPE = YES_ERROR;
				GCC_WARN_UNDECLARED_SELECTOR = YES;
				GCC_WARN_UNINITIALIZED_AUTOS = YES_AGGRESSIVE;
				GCC_WARN_UNUSED_FUNCTION = YES;
				GCC_WARN_UNUSED_VARIABLE = YES;
				HEADER_SEARCH_PATHS = (
					"$(PROJECT_DIR)/WDPayTools/PaySDK",
					"$(PROJECT_DIR)/WDPayTools/PaySDK/WXPay",
					"$(PROJECT_DIR)/WDPayTools/PaySDK/ALPay",
					"$(PROJECT_DIR)/WDPayTools/PaySDK/ALPay/Util",
					"$(PROJECT_DIR)/WDPayTools/PaySDK/ALPay/openssl",
				);
				IPHONEOS_DEPLOYMENT_TARGET = 7.0;
				LIBRARY_SEARCH_PATHS = (
					"$(PROJECT_DIR)/WDPayTools/PaySDK",
					"$(PROJECT_DIR)/WDPayTools/PaySDK/WXPay",
					"$(PROJECT_DIR)/WDPayTools/PaySDK/ALPay",
					"$(PROJECT_DIR)/WDPayTools/PaySDK/ALPay/Util",
					"$(PROJECT_DIR)/WDPayTools/PaySDK/ALPay/openssl",
				);
				MTL_ENABLE_DEBUG_INFO = NO;
				SDKROOT = iphoneos;
				VALIDATE_PRODUCT = YES;
			};
			name = Release;
		};
		2582CAC71BEC567F00DE6BF1 /* Debug */ = {
			isa = XCBuildConfiguration;
			buildSettings = {
				ASSETCATALOG_COMPILER_APPICON_NAME = AppIcon;
				FRAMEWORK_SEARCH_PATHS = (
					"$(inherited)",
					"$(PROJECT_DIR)/WDPayTools/PaySDk/ALPay",
				);
				GCC_PREFIX_HEADER = WDPayTools/PrefixHeader.pch;
				HEADER_SEARCH_PATHS = (
					"$(PROJECT_DIR)/WDPayTools/PaySDK",
					"$(PROJECT_DIR)/WDPayTools/PaySDK/WXPay",
					"$(PROJECT_DIR)/WDPayTools/PaySDK/ALPay",
					"$(PROJECT_DIR)/WDPayTools/PaySDK/ALPay/Util",
					"$(PROJECT_DIR)/WDPayTools/PaySDK/ALPay/openssl",
				);
				INFOPLIST_FILE = WDPayTools/Info.plist;
				IPHONEOS_DEPLOYMENT_TARGET = 7.0;
				LD_RUNPATH_SEARCH_PATHS = "$(inherited) @executable_path/Frameworks";
				LIBRARY_SEARCH_PATHS = (
					"$(inherited)",
					"$(PROJECT_DIR)/WDPayTools/PaySDk/ALPay",
					"$(PROJECT_DIR)/WDPayTools/PaySDk/WXPay",
					"$(PROJECT_DIR)/WDPayTools/PaySDK/ALPay/openssl",
					"$(PROJECT_DIR)/WDPayTools/PaySDk/UPPAY/libs",
				);
				OTHER_LDFLAGS = "-ObjC";
				PRODUCT_BUNDLE_IDENTIFIER = BlakeKing.WDPayTools;
				PRODUCT_NAME = "$(TARGET_NAME)";
			};
			name = Debug;
		};
		2582CAC81BEC567F00DE6BF1 /* Release */ = {
			isa = XCBuildConfiguration;
			buildSettings = {
				ASSETCATALOG_COMPILER_APPICON_NAME = AppIcon;
				FRAMEWORK_SEARCH_PATHS = (
					"$(inherited)",
					"$(PROJECT_DIR)/WDPayTools/PaySDk/ALPay",
				);
				GCC_PREFIX_HEADER = WDPayTools/PrefixHeader.pch;
				HEADER_SEARCH_PATHS = (
					"$(PROJECT_DIR)/WDPayTools/PaySDK",
					"$(PROJECT_DIR)/WDPayTools/PaySDK/WXPay",
					"$(PROJECT_DIR)/WDPayTools/PaySDK/ALPay",
					"$(PROJECT_DIR)/WDPayTools/PaySDK/ALPay/Util",
					"$(PROJECT_DIR)/WDPayTools/PaySDK/ALPay/openssl",
				);
				INFOPLIST_FILE = WDPayTools/Info.plist;
				IPHONEOS_DEPLOYMENT_TARGET = 7.0;
				LD_RUNPATH_SEARCH_PATHS = "$(inherited) @executable_path/Frameworks";
				LIBRARY_SEARCH_PATHS = (
					"$(inherited)",
					"$(PROJECT_DIR)/WDPayTools/PaySDk/ALPay",
					"$(PROJECT_DIR)/WDPayTools/PaySDk/WXPay",
					"$(PROJECT_DIR)/WDPayTools/PaySDK/ALPay/openssl",
					"$(PROJECT_DIR)/WDPayTools/PaySDk/UPPAY/libs",
				);
				OTHER_LDFLAGS = "-ObjC";
				PRODUCT_BUNDLE_IDENTIFIER = BlakeKing.WDPayTools;
				PRODUCT_NAME = "$(TARGET_NAME)";
			};
			name = Release;
		};
/* End XCBuildConfiguration section */

/* Begin XCConfigurationList section */
		2582CAAA1BEC567F00DE6BF1 /* Build configuration list for PBXProject "WDPayTools" */ = {
			isa = XCConfigurationList;
			buildConfigurations = (
				2582CAC41BEC567F00DE6BF1 /* Debug */,
				2582CAC51BEC567F00DE6BF1 /* Release */,
			);
			defaultConfigurationIsVisible = 0;
			defaultConfigurationName = Release;
		};
		2582CAC61BEC567F00DE6BF1 /* Build configuration list for PBXNativeTarget "WDPayTools" */ = {
			isa = XCConfigurationList;
			buildConfigurations = (
				2582CAC71BEC567F00DE6BF1 /* Debug */,
				2582CAC81BEC567F00DE6BF1 /* Release */,
			);
			defaultConfigurationIsVisible = 0;
			defaultConfigurationName = Release;
		};
/* End XCConfigurationList section */
	};
	rootObject = 2582CAA71BEC567F00DE6BF1 /* Project object */;
}
